PODS:
  - boost-for-react-native (1.63.0)
  - DoubleConversion (1.1.5)
  - Folly (2018.10.22.00):
    - boost-for-react-native
    - DoubleConversion
    - glog
  - glog (0.3.4)
  - React (0.59.9):
    - React/Core (= 0.59.9)
  - react-native-webrtc (1.69.0):
    - React
  - react-native-webview (5.12.0):
    - React
  - React/Core (0.59.9):
    - yoga (= 0.59.9.React)
  - RNCallKeep (2.0.3):
    - React/Core
  - RNGestureHandler (1.0.16):
    - React
  - RNSound (0.10.12):
    - React/Core
    - RNSound/Core (= 0.10.12)
  - RNSound/Core (0.10.12):
    - React/Core
  - RNVectorIcons (6.5.0):
    - React
  - yoga (0.59.9.React)

DEPENDENCIES:
  - Folly (from `../node_modules/react-native/third-party-podspecs/Folly.podspec`)
  - React (from `../node_modules/react-native`)
  - react-native-webrtc (from `../node_modules/react-native-webrtc`)
  - react-native-webview (from `../node_modules/react-native-webview`)
  - RNCallKeep (from `../node_modules/react-native-callkeep`)
  - RNGestureHandler (from `../node_modules/react-native-gesture-handler`)
  - RNSound (from `../node_modules/react-native-sound`)
  - RNVectorIcons (from `../node_modules/react-native-vector-icons`)
  - yoga (from `../node_modules/react-native/ReactCommon/yoga`)

SPEC REPOS:
  https://github.com/cocoapods/specs.git:
    - boost-for-react-native
    - DoubleConversion
    - glog

EXTERNAL SOURCES:
  Folly:
    :podspec: "../node_modules/react-native/third-party-podspecs/Folly.podspec"
  React:
    :path: "../node_modules/react-native"
  react-native-webrtc:
    :path: "../node_modules/react-native-webrtc"
  react-native-webview:
    :path: "../node_modules/react-native-webview"
  RNCallKeep:
    :path: "../node_modules/react-native-callkeep"
  RNGestureHandler:
    :path: "../node_modules/react-native-gesture-handler"
  RNSound:
    :path: "../node_modules/react-native-sound"
  RNVectorIcons:
    :path: "../node_modules/react-native-vector-icons"
  yoga:
    :path: "../node_modules/react-native/ReactCommon/yoga"

SPEC CHECKSUMS:
  boost-for-react-native: 39c7adb57c4e60d6c5479dd8623128eb5b3f0f2c
  DoubleConversion: e22e0762848812a87afd67ffda3998d9ef29170c
  Folly: de497beb10f102453a1afa9edbf8cf8a251890de
  glog: 1de0bb937dccdc981596d3b5825ebfb765017ded
  React: 1d605e098d69bdf08960787f3446f0a9dc2e2ccf
  react-native-webrtc: 31b6d3f1e3e2ce373aa43fd682b04367250f807d
  react-native-webview: a42108b827082f8f0333529b0772102031d5960d
  RNCallKeep: ac79240edca37c27734a60dcea2a4a260a0c7f1d
  RNGestureHandler: afde2addc517e85cc97a25bfe119acbee779a7ce
  RNSound: b360b3862d3118ed1c74bb9825696b5957686ac4
  RNVectorIcons: 66af4d5c8ff4f584c7b7cd9c4b0780920f27fce2
  yoga: 128daf064cacaede0c3bb27424b6b4c71052e6cd

PODFILE CHECKSUM: a7aafcd403b7b4ecce06f5e6853f482e6923a5c1

COCOAPODS: 1.5.3
